
Microsoft Visual Studio Solution File, Format Version 12.00
# Visual Studio 2013
VisualStudioVersion = 12.0.40629.0
MinimumVisualStudioVersion = 10.0.40219.1
Project("{FAE04EC0-301F-11D3-BF4B-00C04F79EFBC}") = "Mail Client", "Mail Client\Mail Client.csproj", "{F38D42F3-DA57-4FFF-BF1E-FCAF8A1EAEE6}"
EndProject
Project("{54435603-DBB4-11D2-8724-00A0C9A8B90C}") = "MailClient_Setup", "MailClient_Setup\MailClient_Setup.vdproj", "{1F3FA73E-A3B8-44CF-9735-E8B8528BAD10}"
EndProject
Global
	GlobalSection(SolutionConfigurationPlatforms) = preSolution
		Debug|Any CPU = Debug|Any CPU
		Release|Any CPU = Release|Any CPU
	EndGlobalSection
	GlobalSection(ProjectConfigurationPlatforms) = postSolution
		{F38D42F3-DA57-4FFF-BF1E-FCAF8A1EAEE6}.Debug|Any CPU.ActiveCfg = Debug|Any CPU
		{F38D42F3-DA57-4FFF-BF1E-FCAF8A1EAEE6}.Debug|Any CPU.Build.0 = Debug|Any CPU
		{F38D42F3-DA57-4FFF-BF1E-FCAF8A1EAEE6}.Debug|Any CPU.Deploy.0 = Debug|Any CPU
		{F38D42F3-DA57-4FFF-BF1E-FCAF8A1EAEE6}.Release|Any CPU.ActiveCfg = Release|Any CPU
		{F38D42F3-DA57-4FFF-BF1E-FCAF8A1EAEE6}.Release|Any CPU.Build.0 = Release|Any CPU
		{1F3FA73E-A3B8-44CF-9735-E8B8528BAD10}.Debug|Any CPU.ActiveCfg = Debug
		{1F3FA73E-A3B8-44CF-9735-E8B8528BAD10}.Release|Any CPU.ActiveCfg = Release
	EndGlobalSection
	GlobalSection(SolutionProperties) = preSolution
		HideSolutionNode = FALSE
	EndGlobalSection
EndGlobal
